// !$*UTF8*$!
{
	archiveVersion = 1;
	classes = {
	};
	objectVersion = 46;
	objects = {

/* Begin PBXBuildFile section */
		11A0F0D614BFB57A0055390F /* UIKit.framework in Frameworks */ = {isa = PBXBuildFile; fileRef = 11A0F0D514BFB57A0055390F /* UIKit.framework */; };
		11A0F0D814BFB57A0055390F /* Foundation.framework in Frameworks */ = {isa = PBXBuildFile; fileRef = 11A0F0D714BFB57A0055390F /* Foundation.framework */; };
		11A0F0DA14BFB57A0055390F /* CoreGraphics.framework in Frameworks */ = {isa = PBXBuildFile; fileRef = 11A0F0D914BFB57A0055390F /* CoreGraphics.framework */; };
		11A0F0E014BFB57A0055390F /* InfoPlist.strings in Resources */ = {isa = PBXBuildFile; fileRef = 11A0F0DE14BFB57A0055390F /* InfoPlist.strings */; };
		11A0F0E214BFB57A0055390F /* main.m in Sources */ = {isa = PBXBuildFile; fileRef = 11A0F0E114BFB57A0055390F /* main.m */; };
		11A0F0E614BFB57A0055390F /* AppDelegate.m in Sources */ = {isa = PBXBuildFile; fileRef = 11A0F0E514BFB57A0055390F /* AppDelegate.m */; };
		11A0F0EE14BFB57B0055390F /* SenTestingKit.framework in Frameworks */ = {isa = PBXBuildFile; fileRef = 11A0F0ED14BFB57B0055390F /* SenTestingKit.framework */; };
		11A0F0EF14BFB57B0055390F /* UIKit.framework in Frameworks */ = {isa = PBXBuildFile; fileRef = 11A0F0D514BFB57A0055390F /* UIKit.framework */; };
		11A0F0F014BFB57B0055390F /* Foundation.framework in Frameworks */ = {isa = PBXBuildFile; fileRef = 11A0F0D714BFB57A0055390F /* Foundation.framework */; };
		11A0F0F814BFB57B0055390F /* InfoPlist.strings in Resources */ = {isa = PBXBuildFile; fileRef = 11A0F0F614BFB57B0055390F /* InfoPlist.strings */; };
		11A0F0FB14BFB57B0055390F /* Rdio_Alarm_ClockTests.m in Sources */ = {isa = PBXBuildFile; fileRef = 11A0F0FA14BFB57B0055390F /* Rdio_Alarm_ClockTests.m */; };
/* End PBXBuildFile section */

/* Begin PBXContainerItemProxy section */
		11A0F0F114BFB57B0055390F /* PBXContainerItemProxy */ = {
			isa = PBXContainerItemProxy;
			containerPortal = 11A0F0C814BFB5790055390F /* Project object */;
			proxyType = 1;
			remoteGlobalIDString = 11A0F0D014BFB57A0055390F;
			remoteInfo = "Rdio Alarm Clock";
		};
/* End PBXContainerItemProxy section */

/* Begin PBXFileReference section */
		11A0F0D114BFB57A0055390F /* Rdio Alarm Clock.app */ = {isa = PBXFileReference; explicitFileType = wrapper.application; includeInIndex = 0; path = "Rdio Alarm Clock.app"; sourceTree = BUILT_PRODUCTS_DIR; };
		11A0F0D514BFB57A0055390F /* UIKit.framework */ = {isa = PBXFileReference; lastKnownFileType = wrapper.framework; name = UIKit.framework; path = System/Library/Frameworks/UIKit.framework; sourceTree = SDKROOT; };
		11A0F0D714BFB57A0055390F /* Foundation.framework */ = {isa = PBXFileReference; lastKnownFileType = wrapper.framework; name = Foundation.framework; path = System/Library/Frameworks/Foundation.framework; sourceTree = SDKROOT; };
		11A0F0D914BFB57A0055390F /* CoreGraphics.framework */ = {isa = PBXFileReference; lastKnownFileType = wrapper.framework; name = CoreGraphics.framework; path = System/Library/Frameworks/CoreGraphics.framework; sourceTree = SDKROOT; };
		11A0F0DD14BFB57A0055390F /* Rdio Alarm Clock-Info.plist */ = {isa = PBXFileReference; path = "Rdio Alarm Clock-Info.plist"; sourceTree = "<group>"; };
		11A0F0DF14BFB57A0055390F /* en */ = {isa = PBXFileReference; lastKnownFileType = text.plist.strings; name = en; path = en.lproj/InfoPlist.strings; sourceTree = "<group>"; };
		11A0F0E114BFB57A0055390F /* main.m */ = {isa = PBXFileReference; lastKnownFileType = sourcecode.c.objc; path = main.m; sourceTree = "<group>"; };
		11A0F0E314BFB57A0055390F /* Rdio Alarm Clock-Prefix.pch */ = {isa = PBXFileReference; path = "Rdio Alarm Clock-Prefix.pch"; sourceTree = "<group>"; };
		11A0F0E414BFB57A0055390F /* AppDelegate.h */ = {isa = PBXFileReference; path = AppDelegate.h; sourceTree = "<group>"; };
		11A0F0E514BFB57A0055390F /* AppDelegate.m */ = {isa = PBXFileReference; lastKnownFileType = sourcecode.c.objc; path = AppDelegate.m; sourceTree = "<group>"; };
		11A0F0EC14BFB57B0055390F /* Rdio Alarm ClockTests.octest */ = {isa = PBXFileReference; explicitFileType = wrapper.cfbundle; includeInIndex = 0; path = "Rdio Alarm ClockTests.octest"; sourceTree = BUILT_PRODUCTS_DIR; };
		11A0F0ED14BFB57B0055390F /* SenTestingKit.framework */ = {isa = PBXFileReference; lastKnownFileType = wrapper.framework; name = SenTestingKit.framework; path = Library/Frameworks/SenTestingKit.framework; sourceTree = DEVELOPER_DIR; };
		11A0F0F514BFB57B0055390F /* Rdio Alarm ClockTests-Info.plist */ = {isa = PBXFileReference; path = "Rdio Alarm ClockTests-Info.plist"; sourceTree = "<group>"; };
		11A0F0F714BFB57B0055390F /* en */ = {isa = PBXFileReference; lastKnownFileType = text.plist.strings; name = en; path = en.lproj/InfoPlist.strings; sourceTree = "<group>"; };
		11A0F0F914BFB57B0055390F /* Rdio_Alarm_ClockTests.h */ = {isa = PBXFileReference; path = Rdio_Alarm_ClockTests.h; sourceTree = "<group>"; };
		11A0F0FA14BFB57B0055390F /* Rdio_Alarm_ClockTests.m */ = {isa = PBXFileReference; lastKnownFileType = sourcecode.c.objc; path = Rdio_Alarm_ClockTests.m; sourceTree = "<group>"; };
/* End PBXFileReference section */

/* Begin PBXFrameworksBuildPhase section */
		11A0F0CE14BFB57A0055390F /* Frameworks */ = {
			isa = PBXFrameworksBuildPhase;
			buildActionMask = 2147483647;
			files = (
				11A0F0D614BFB57A0055390F /* UIKit.framework in Frameworks */,
				11A0F0D814BFB57A0055390F /* Foundation.framework in Frameworks */,
				11A0F0DA14BFB57A0055390F /* CoreGraphics.framework in Frameworks */,
			);
			runOnlyForDeploymentPostprocessing = 0;
		};
		11A0F0E814BFB57B0055390F /* Frameworks */ = {
			isa = PBXFrameworksBuildPhase;
			buildActionMask = 2147483647;
			files = (
				11A0F0EE14BFB57B0055390F /* SenTestingKit.framework in Frameworks */,
				11A0F0EF14BFB57B0055390F /* UIKit.framework in Frameworks */,
				11A0F0F014BFB57B0055390F /* Foundation.framework in Frameworks */,
			);
			runOnlyForDeploymentPostprocessing = 0;
		};
/* End PBXFrameworksBuildPhase section */

/* Begin PBXGroup section */
		11A0F0C614BFB5790055390F = {
			isa = PBXGroup;
			children = (
				11A0F0DB14BFB57A0055390F /* Rdio Alarm Clock */,
				11A0F0F314BFB57B0055390F /* Rdio Alarm ClockTests */,
				11A0F0D414BFB57A0055390F /* Frameworks */,
				11A0F0D214BFB57A0055390F /* Products */,
			);
			sourceTree = "<group>";
		};
		11A0F0D214BFB57A0055390F /* Products */ = {
			isa = PBXGroup;
			children = (
				11A0F0D114BFB57A0055390F /* Rdio Alarm Clock.app */,
				11A0F0EC14BFB57B0055390F /* Rdio Alarm ClockTests.octest */,
			);
			name = Products;
			sourceTree = "<group>";
		};
		11A0F0D414BFB57A0055390F /* Frameworks */ = {
			isa = PBXGroup;
			children = (
				11A0F0D514BFB57A0055390F /* UIKit.framework */,
				11A0F0D714BFB57A0055390F /* Foundation.framework */,
				11A0F0D914BFB57A0055390F /* CoreGraphics.framework */,
				11A0F0ED14BFB57B0055390F /* SenTestingKit.framework */,
			);
			name = Frameworks;
			sourceTree = "<group>";
		};
		11A0F0DB14BFB57A0055390F /* Rdio Alarm Clock */ = {
			isa = PBXGroup;
			children = (
				11A0F0E414BFB57A0055390F /* AppDelegate.h */,
				11A0F0E514BFB57A0055390F /* AppDelegate.m */,
				11A0F0DC14BFB57A0055390F /* Supporting Files */,
			);
			path = "Rdio Alarm Clock";
			sourceTree = "<group>";
		};
		11A0F0DC14BFB57A0055390F /* Supporting Files */ = {
			isa = PBXGroup;
			children = (
				11A0F0DD14BFB57A0055390F /* Rdio Alarm Clock-Info.plist */,
				11A0F0DE14BFB57A0055390F /* InfoPlist.strings */,
				11A0F0E114BFB57A0055390F /* main.m */,
				11A0F0E314BFB57A0055390F /* Rdio Alarm Clock-Prefix.pch */,
			);
			name = "Supporting Files";
			sourceTree = "<group>";
		};
		11A0F0F314BFB57B0055390F /* Rdio Alarm ClockTests */ = {
			isa = PBXGroup;
			children = (
				11A0F0F914BFB57B0055390F /* Rdio_Alarm_ClockTests.h */,
				11A0F0FA14BFB57B0055390F /* Rdio_Alarm_ClockTests.m */,
				11A0F0F414BFB57B0055390F /* Supporting Files */,
			);
			path = "Rdio Alarm ClockTests";
			sourceTree = "<group>";
		};
		11A0F0F414BFB57B0055390F /* Supporting Files */ = {
			isa = PBXGroup;
			children = (
				11A0F0F514BFB57B0055390F /* Rdio Alarm ClockTests-Info.plist */,
				11A0F0F614BFB57B0055390F /* InfoPlist.strings */,
			);
			name = "Supporting Files";
			sourceTree = "<group>";
		};
/* End PBXGroup section */

/* Begin PBXNativeTarget section */
		11A0F0D014BFB57A0055390F /* Rdio Alarm Clock */ = {
			isa = PBXNativeTarget;
			buildConfigurationList = 11A0F0FE14BFB57B0055390F /* Build configuration list for PBXNativeTarget "Rdio Alarm Clock" */;
			buildPhases = (
				11A0F0CD14BFB57A0055390F /* Sources */,
				11A0F0CE14BFB57A0055390F /* Frameworks */,
				11A0F0CF14BFB57A0055390F /* Resources */,
			);
			buildRules = (
			);
			dependencies = (
			);
			name = "Rdio Alarm Clock";
			productName = "Rdio Alarm Clock";
			productReference = 11A0F0D114BFB57A0055390F /* Rdio Alarm Clock.app */;
			productType = "com.apple.product-type.application";
		};
		11A0F0EB14BFB57B0055390F /* Rdio Alarm ClockTests */ = {
			isa = PBXNativeTarget;
			buildConfigurationList = 11A0F10114BFB57B0055390F /* Build configuration list for PBXNativeTarget "Rdio Alarm ClockTests" */;
			buildPhases = (
				11A0F0E714BFB57B0055390F /* Sources */,
				11A0F0E814BFB57B0055390F /* Frameworks */,
				11A0F0E914BFB57B0055390F /* Resources */,
				11A0F0EA14BFB57B0055390F /* ShellScript */,
			);
			buildRules = (
			);
			dependencies = (
				11A0F0F214BFB57B0055390F /* PBXTargetDependency */,
			);
			name = "Rdio Alarm ClockTests";
			productName = "Rdio Alarm ClockTests";
			productReference = 11A0F0EC14BFB57B0055390F /* Rdio Alarm ClockTests.octest */;
			productType = "com.apple.product-type.bundle";
		};
/* End PBXNativeTarget section */

/* Begin PBXProject section */
		11A0F0C814BFB5790055390F /* Project object */ = {
			isa = PBXProject;
			attributes = {
				LastUpgradeCheck = 0420;
			};
			buildConfigurationList = 11A0F0CB14BFB5790055390F /* Build configuration list for PBXProject "Rdio Alarm Clock" */;
			compatibilityVersion = "Xcode 3.2";
			developmentRegion = English;
			hasScannedForEncodings = 0;
			knownRegions = (
				en,
			);
			mainGroup = 11A0F0C614BFB5790055390F;
			productRefGroup = 11A0F0D214BFB57A0055390F /* Products */;
			projectDirPath = "";
			projectRoot = "";
			targets = (
				11A0F0D014BFB57A0055390F /* Rdio Alarm Clock */,
				11A0F0EB14BFB57B0055390F /* Rdio Alarm ClockTests */,
			);
		};
/* End PBXProject section */

/* Begin PBXResourcesBuildPhase section */
		11A0F0CF14BFB57A0055390F /* Resources */ = {
			isa = PBXResourcesBuildPhase;
			buildActionMask = 2147483647;
			files = (
				11A0F0E014BFB57A0055390F /* InfoPlist.strings in Resources */,
			);
			runOnlyForDeploymentPostprocessing = 0;
		};
		11A0F0E914BFB57B0055390F /* Resources */ = {
			isa = PBXResourcesBuildPhase;
			buildActionMask = 2147483647;
			files = (
				11A0F0F814BFB57B0055390F /* InfoPlist.strings in Resources */,
			);
			runOnlyForDeploymentPostprocessing = 0;
		};
/* End PBXResourcesBuildPhase section */

/* Begin PBXShellScriptBuildPhase section */
		11A0F0EA14BFB57B0055390F /* ShellScript */ = {
			isa = PBXShellScriptBuildPhase;
			buildActionMask = 2147483647;
			files = (
			);
			inputPaths = (
			);
			outputPaths = (
			);
			runOnlyForDeploymentPostprocessing = 0;
			shellPath = /bin/sh;
			shellScript = "# Run the unit tests in this test bundle.\n\"${SYSTEM_DEVELOPER_DIR}/Tools/RunUnitTests\"\n";
		};
/* End PBXShellScriptBuildPhase section */

/* Begin PBXSourcesBuildPhase section */
		11A0F0CD14BFB57A0055390F /* Sources */ = {
			isa = PBXSourcesBuildPhase;
			buildActionMask = 2147483647;
			files = (
				11A0F0E214BFB57A0055390F /* main.m in Sources */,
				11A0F0E614BFB57A0055390F /* AppDelegate.m in Sources */,
			);
			runOnlyForDeploymentPostprocessing = 0;
		};
		11A0F0E714BFB57B0055390F /* Sources */ = {
			isa = PBXSourcesBuildPhase;
			buildActionMask = 2147483647;
			files = (
				11A0F0FB14BFB57B0055390F /* Rdio_Alarm_ClockTests.m in Sources */,
			);
			runOnlyForDeploymentPostprocessing = 0;
		};
/* End PBXSourcesBuildPhase section */

/* Begin PBXTargetDependency section */
		11A0F0F214BFB57B0055390F /* PBXTargetDependency */ = {
			isa = PBXTargetDependency;
			target = 11A0F0D014BFB57A0055390F /* Rdio Alarm Clock */;
			targetProxy = 11A0F0F114BFB57B0055390F /* PBXContainerItemProxy */;
		};
/* End PBXTargetDependency section */

/* Begin PBXVariantGroup section */
		11A0F0DE14BFB57A0055390F /* InfoPlist.strings */ = {
			isa = PBXVariantGroup;
			children = (
				11A0F0DF14BFB57A0055390F /* en */,
			);
			name = InfoPlist.strings;
			sourceTree = "<group>";
		};
		11A0F0F614BFB57B0055390F /* InfoPlist.strings */ = {
			isa = PBXVariantGroup;
			children = (
				11A0F0F714BFB57B0055390F /* en */,
			);
			name = InfoPlist.strings;
			sourceTree = "<group>";
		};
/* End PBXVariantGroup section */

/* Begin XCBuildConfiguration section */
		11A0F0FC14BFB57B0055390F /* Debug */ = {
			isa = XCBuildConfiguration;
			buildSettings = {
				ALWAYS_SEARCH_USER_PATHS = NO;
				ARCHS = "$(ARCHS_STANDARD_32_BIT)";
				CLANG_ENABLE_OBJC_ARC = YES;
				"CODE_SIGN_IDENTITY[sdk=iphoneos*]" = "iPhone Developer";
				COPY_PHASE_STRIP = NO;
				GCC_C_LANGUAGE_STANDARD = gnu99;
				GCC_DYNAMIC_NO_PIC = NO;
				GCC_OPTIMIZATION_LEVEL = 0;
				GCC_PREPROCESSOR_DEFINITIONS = (
					"DEBUG=1",
					"$(inherited)",
				);
				GCC_SYMBOLS_PRIVATE_EXTERN = NO;
				GCC_VERSION = com.apple.compilers.llvm.clang.1_0;
				GCC_WARN_ABOUT_MISSING_PROTOTYPES = YES;
				GCC_WARN_ABOUT_RETURN_TYPE = YES;
				GCC_WARN_UNUSED_VARIABLE = YES;
				IPHONEOS_DEPLOYMENT_TARGET = 5.0;
				SDKROOT = iphoneos;
			};
			name = Debug;
		};
		11A0F0FD14BFB57B0055390F /* Release */ = {
			isa = XCBuildConfiguration;
			buildSettings = {
				ALWAYS_SEARCH_USER_PATHS = NO;
				ARCHS = "$(ARCHS_STANDARD_32_BIT)";
				CLANG_ENABLE_OBJC_ARC = YES;
				"CODE_SIGN_IDENTITY[sdk=iphoneos*]" = "iPhone Developer";
				COPY_PHASE_STRIP = YES;
				GCC_C_LANGUAGE_STANDARD = gnu99;
				GCC_VERSION = com.apple.compilers.llvm.clang.1_0;
				GCC_WARN_ABOUT_MISSING_PROTOTYPES = YES;
				GCC_WARN_ABOUT_RETURN_TYPE = YES;
				GCC_WARN_UNUSED_VARIABLE = YES;
				IPHONEOS_DEPLOYMENT_TARGET = 5.0;
				OTHER_CFLAGS = "-DNS_BLOCK_ASSERTIONS=1";
				SDKROOT = iphoneos;
				VALIDATE_PRODUCT = YES;
			};
			name = Release;
		};
		11A0F0FF14BFB57B0055390F /* Debug */ = {
			isa = XCBuildConfiguration;
			buildSettings = {
				GCC_PRECOMPILE_PREFIX_HEADER = YES;
				GCC_PREFIX_HEADER = "Rdio Alarm Clock/Rdio Alarm Clock-Prefix.pch";
				INFOPLIST_FILE = "Rdio Alarm Clock/Rdio Alarm Clock-Info.plist";
				PRODUCT_NAME = "$(TARGET_NAME)";
				WRAPPER_EXTENSION = app;
			};
			name = Debug;
		};
		11A0F10014BFB57B0055390F /* Release */ = {
			isa = XCBuildConfiguration;
			buildSettings = {
				GCC_PRECOMPILE_PREFIX_HEADER = YES;
				GCC_PREFIX_HEADER = "Rdio Alarm Clock/Rdio Alarm Clock-Prefix.pch";
				INFOPLIST_FILE = "Rdio Alarm Clock/Rdio Alarm Clock-Info.plist";
				PRODUCT_NAME = "$(TARGET_NAME)";
				WRAPPER_EXTENSION = app;
			};
			name = Release;
		};
		11A0F10214BFB57B0055390F /* Debug */ = {
			isa = XCBuildConfiguration;
			buildSettings = {
				BUNDLE_LOADER = "$(BUILT_PRODUCTS_DIR)/Rdio Alarm Clock.app/Rdio Alarm Clock";
				FRAMEWORK_SEARCH_PATHS = (
					"$(SDKROOT)/Developer/Library/Frameworks",
					"$(DEVELOPER_LIBRARY_DIR)/Frameworks",
				);
				GCC_PRECOMPILE_PREFIX_HEADER = YES;
				GCC_PREFIX_HEADER = "Rdio Alarm Clock/Rdio Alarm Clock-Prefix.pch";
				INFOPLIST_FILE = "Rdio Alarm ClockTests/Rdio Alarm ClockTests-Info.plist";
				PRODUCT_NAME = "$(TARGET_NAME)";
				TEST_HOST = "$(BUNDLE_LOADER)";
				WRAPPER_EXTENSION = octest;
			};
			name = Debug;
		};
		11A0F10314BFB57B0055390F /* Release */ = {
			isa = XCBuildConfiguration;
			buildSettings = {
				BUNDLE_LOADER = "$(BUILT_PRODUCTS_DIR)/Rdio Alarm Clock.app/Rdio Alarm Clock";
				FRAMEWORK_SEARCH_PATHS = (
					"$(SDKROOT)/Developer/Library/Frameworks",
					"$(DEVELOPER_LIBRARY_DIR)/Frameworks",
				);
				GCC_PRECOMPILE_PREFIX_HEADER = YES;
				GCC_PREFIX_HEADER = "Rdio Alarm Clock/Rdio Alarm Clock-Prefix.pch";
				INFOPLIST_FILE = "Rdio Alarm ClockTests/Rdio Alarm ClockTests-Info.plist";
				PRODUCT_NAME = "$(TARGET_NAME)";
				TEST_HOST = "$(BUNDLE_LOADER)";
				WRAPPER_EXTENSION = octest;
			};
			name = Release;
		};
/* End XCBuildConfiguration section */

/* Begin XCConfigurationList section */
		11A0F0CB14BFB5790055390F /* Build configuration list for PBXProject "Rdio Alarm Clock" */ = {
			isa = XCConfigurationList;
			buildConfigurations = (
				11A0F0FC14BFB57B0055390F /* Debug */,
				11A0F0FD14BFB57B0055390F /* Release */,
			);
			defaultConfigurationIsVisible = 0;
			defaultConfigurationName = Release;
		};
		11A0F0FE14BFB57B0055390F /* Build configuration list for PBXNativeTarget "Rdio Alarm Clock" */ = {
			isa = XCConfigurationList;
			buildConfigurations = (
				11A0F0FF14BFB57B0055390F /* Debug */,
				11A0F10014BFB57B0055390F /* Release */,
			);
			defaultConfigurationIsVisible = 0;
		};
		11A0F10114BFB57B0055390F /* Build configuration list for PBXNativeTarget "Rdio Alarm ClockTests" */ = {
			isa = XCConfigurationList;
			buildConfigurations = (
				11A0F10214BFB57B0055390F /* Debug */,
				11A0F10314BFB57B0055390F /* Release */,
			);
			defaultConfigurationIsVisible = 0;
		};
/* End XCConfigurationList section */
	};
	rootObject = 11A0F0C814BFB5790055390F /* Project object */;
}
